
Microsoft Visual Studio Solution File, Format Version 12.00
# Visual Studio Version 16
VisualStudioVersion = 16.0.31624.102
MinimumVisualStudioVersion = 10.0.40219.1
Project("{FAE04EC0-301F-11D3-BF4B-00C04F79EFBC}") = "RestaurantRater", "RestaurantRater\RestaurantRater.csproj", "{61AC2AA9-2A34-4232-AB54-06FE37E8741E}"
EndProject
Global
	GlobalSection(SolutionConfigurationPlatforms) = preSolution
		Debug|Any CPU = Debug|Any CPU
		Release|Any CPU = Release|Any CPU
	EndGlobalSection
	GlobalSection(ProjectConfigurationPlatforms) = postSolution
		{61AC2AA9-2A34-4232-AB54-06FE37E8741E}.Debug|Any CPU.ActiveCfg = Debug|Any CPU
		{61AC2AA9-2A34-4232-AB54-06FE37E8741E}.Debug|Any CPU.Build.0 = Debug|Any CPU
		{61AC2AA9-2A34-4232-AB54-06FE37E8741E}.Release|Any CPU.ActiveCfg = Release|Any CPU
		{61AC2AA9-2A34-4232-AB54-06FE37E8741E}.Release|Any CPU.Build.0 = Release|Any CPU
	EndGlobalSection
	GlobalSection(SolutionProperties) = preSolution
		HideSolutionNode = FALSE
	EndGlobalSection
	GlobalSection(ExtensibilityGlobals) = postSolution
		SolutionGuid = {7F0757F6-CB52-44B8-B84E-94E8B3ECD725}
	EndGlobalSection
EndGlobal
